
Microsoft Visual Studio Solution File, Format Version 12.00
# Visual Studio Version 16
VisualStudioVersion = 16.0.31005.135
MinimumVisualStudioVersion = 10.0.40219.1
Project("{9A19103F-16F7-4668-BE54-9A1E7A4F7556}") = "EPiServer.Reference.Commerce.Site", "EPiServer.Reference.Commerce.Site\EPiServer.Reference.Commerce.Site.csproj", "{DA4065E9-B3D3-4C18-A86C-94E5973C641B}"
EndProject
Global
	GlobalSection(SolutionConfigurationPlatforms) = preSolution
		Debug|Any CPU = Debug|Any CPU
		Release|Any CPU = Release|Any CPU
	EndGlobalSection
	GlobalSection(ProjectConfigurationPlatforms) = postSolution
		{DA4065E9-B3D3-4C18-A86C-94E5973C641B}.Debug|Any CPU.ActiveCfg = Debug|Any CPU
		{DA4065E9-B3D3-4C18-A86C-94E5973C641B}.Debug|Any CPU.Build.0 = Debug|Any CPU
		{DA4065E9-B3D3-4C18-A86C-94E5973C641B}.Release|Any CPU.ActiveCfg = Release|Any CPU
		{DA4065E9-B3D3-4C18-A86C-94E5973C641B}.Release|Any CPU.Build.0 = Release|Any CPU
	EndGlobalSection
	GlobalSection(SolutionProperties) = preSolution
		HideSolutionNode = FALSE
	EndGlobalSection
	GlobalSection(ExtensibilityGlobals) = postSolution
		SolutionGuid = {D0E11FB3-380C-453F-931E-1AB47DE962D3}
	EndGlobalSection
EndGlobal
